// !$*UTF8*$!
{
	archiveVersion = 1;
	classes = {
	};
	objectVersion = 46;
	objects = {

/* Begin PBXBuildFile section */
		30485E2F1D5B197900EB74EA /* PrimitiveExtensions.swift in Sources */ = {isa = PBXBuildFile; fileRef = 30485E2E1D5B197900EB74EA /* PrimitiveExtensions.swift */; };
		30485E311D5B19DF00EB74EA /* DictionaryExtensions.swift in Sources */ = {isa = PBXBuildFile; fileRef = 30485E301D5B19DF00EB74EA /* DictionaryExtensions.swift */; };
		30F4D92D1D79C4FB0071B24B /* Dispatch.swift in Sources */ = {isa = PBXBuildFile; fileRef = 30F4D92C1D79C4FB0071B24B /* Dispatch.swift */; };
		30F4D92F1D79C5080071B24B /* Debug.swift in Sources */ = {isa = PBXBuildFile; fileRef = 30F4D92E1D79C5080071B24B /* Debug.swift */; };
		B34383AB1D01FBA600E5F39E /* Dove.h in Headers */ = {isa = PBXBuildFile; fileRef = B34383AA1D01FBA600E5F39E /* Dove.h */; settings = {ATTRIBUTES = (Public, ); }; };
		B34383BD1D0203FE00E5F39E /* AnimationExtensions.swift in Sources */ = {isa = PBXBuildFile; fileRef = B34383B71D0203FE00E5F39E /* AnimationExtensions.swift */; };
		B34383BE1D0203FE00E5F39E /* ArrayExtensions.swift in Sources */ = {isa = PBXBuildFile; fileRef = B34383B81D0203FE00E5F39E /* ArrayExtensions.swift */; };
		B34383BF1D0203FE00E5F39E /* ControllerExtensions.swift in Sources */ = {isa = PBXBuildFile; fileRef = B34383B91D0203FE00E5F39E /* ControllerExtensions.swift */; };
		B34383C01D0203FE00E5F39E /* DateExtensions.swift in Sources */ = {isa = PBXBuildFile; fileRef = B34383BA1D0203FE00E5F39E /* DateExtensions.swift */; };
		B34383C11D0203FE00E5F39E /* NibExtensions.swift in Sources */ = {isa = PBXBuildFile; fileRef = B34383BB1D0203FE00E5F39E /* NibExtensions.swift */; };
		B34383C41D02041D00E5F39E /* Dove.swift in Sources */ = {isa = PBXBuildFile; fileRef = B34383C31D02041D00E5F39E /* Dove.swift */; };
		B3984D421D0857C0005A1183 /* ViewExtensions.swift in Sources */ = {isa = PBXBuildFile; fileRef = B3984D411D0857C0005A1183 /* ViewExtensions.swift */; };
		B3ABC9AF1D0237F40066ED72 /* Service.swift in Sources */ = {isa = PBXBuildFile; fileRef = B3ABC9AE1D0237F40066ED72 /* Service.swift */; };
/* End PBXBuildFile section */

/* Begin PBXFileReference section */
		30485E2E1D5B197900EB74EA /* PrimitiveExtensions.swift */ = {isa = PBXFileReference; fileEncoding = 4; lastKnownFileType = sourcecode.swift; path = PrimitiveExtensions.swift; sourceTree = "<group>"; };
		30485E301D5B19DF00EB74EA /* DictionaryExtensions.swift */ = {isa = PBXFileReference; fileEncoding = 4; lastKnownFileType = sourcecode.swift; path = DictionaryExtensions.swift; sourceTree = "<group>"; };
		30F4D92C1D79C4FB0071B24B /* Dispatch.swift */ = {isa = PBXFileReference; fileEncoding = 4; lastKnownFileType = sourcecode.swift; path = Dispatch.swift; sourceTree = "<group>"; };
		30F4D92E1D79C5080071B24B /* Debug.swift */ = {isa = PBXFileReference; fileEncoding = 4; lastKnownFileType = sourcecode.swift; path = Debug.swift; sourceTree = "<group>"; };
		B34383AA1D01FBA600E5F39E /* Dove.h */ = {isa = PBXFileReference; lastKnownFileType = sourcecode.c.h; path = Dove.h; sourceTree = "<group>"; };
		B34383AC1D01FBA600E5F39E /* Info.plist */ = {isa = PBXFileReference; lastKnownFileType = text.plist.xml; path = Info.plist; sourceTree = "<group>"; };
		B34383B71D0203FE00E5F39E /* AnimationExtensions.swift */ = {isa = PBXFileReference; fileEncoding = 4; lastKnownFileType = sourcecode.swift; path = AnimationExtensions.swift; sourceTree = "<group>"; };
		B34383B81D0203FE00E5F39E /* ArrayExtensions.swift */ = {isa = PBXFileReference; fileEncoding = 4; lastKnownFileType = sourcecode.swift; path = ArrayExtensions.swift; sourceTree = "<group>"; };
		B34383B91D0203FE00E5F39E /* ControllerExtensions.swift */ = {isa = PBXFileReference; fileEncoding = 4; lastKnownFileType = sourcecode.swift; path = ControllerExtensions.swift; sourceTree = "<group>"; };
		B34383BA1D0203FE00E5F39E /* DateExtensions.swift */ = {isa = PBXFileReference; fileEncoding = 4; lastKnownFileType = sourcecode.swift; path = DateExtensions.swift; sourceTree = "<group>"; };
		B34383BB1D0203FE00E5F39E /* NibExtensions.swift */ = {isa = PBXFileReference; fileEncoding = 4; lastKnownFileType = sourcecode.swift; path = NibExtensions.swift; sourceTree = "<group>"; };
		B34383C31D02041D00E5F39E /* Dove.swift */ = {isa = PBXFileReference; fileEncoding = 4; lastKnownFileType = sourcecode.swift; path = Dove.swift; sourceTree = "<group>"; };
		B3984D371D085371005A1183 /* Dove.framework */ = {isa = PBXFileReference; explicitFileType = wrapper.framework; includeInIndex = 0; path = Dove.framework; sourceTree = BUILT_PRODUCTS_DIR; };
		B3984D411D0857C0005A1183 /* ViewExtensions.swift */ = {isa = PBXFileReference; fileEncoding = 4; lastKnownFileType = sourcecode.swift; path = ViewExtensions.swift; sourceTree = "<group>"; };
		B3ABC9AE1D0237F40066ED72 /* Service.swift */ = {isa = PBXFileReference; fileEncoding = 4; lastKnownFileType = sourcecode.swift; path = Service.swift; sourceTree = "<group>"; };
/* End PBXFileReference section */

/* Begin PBXFrameworksBuildPhase section */
		B34383A31D01FBA500E5F39E /* Frameworks */ = {
			isa = PBXFrameworksBuildPhase;
			buildActionMask = 2147483647;
			files = (
			);
			runOnlyForDeploymentPostprocessing = 0;
		};
/* End PBXFrameworksBuildPhase section */

/* Begin PBXGroup section */
		30F4D92B1D79C4FB0071B24B /* Utilities */ = {
			isa = PBXGroup;
			children = (
				30F4D92E1D79C5080071B24B /* Debug.swift */,
				30F4D92C1D79C4FB0071B24B /* Dispatch.swift */,
			);
			path = Utilities;
			sourceTree = "<group>";
		};
		B343839D1D01FBA500E5F39E = {
			isa = PBXGroup;
			children = (
				B34383A91D01FBA600E5F39E /* Dove */,
				B3984D371D085371005A1183 /* Dove.framework */,
			);
			sourceTree = "<group>";
		};
		B34383A91D01FBA600E5F39E /* Dove */ = {
			isa = PBXGroup;
			children = (
				B34383AA1D01FBA600E5F39E /* Dove.h */,
				B34383C31D02041D00E5F39E /* Dove.swift */,
				B34383B31D0203B200E5F39E /* Core */,
				B34383B41D0203B200E5F39E /* Extensions */,
				30F4D92B1D79C4FB0071B24B /* Utilities */,
				B34383AC1D01FBA600E5F39E /* Info.plist */,
			);
			path = Dove;
			sourceTree = "<group>";
		};
		B34383B31D0203B200E5F39E /* Core */ = {
			isa = PBXGroup;
			children = (
				B3ABC9AE1D0237F40066ED72 /* Service.swift */,
			);
			path = Core;
			sourceTree = "<group>";
		};
		B34383B41D0203B200E5F39E /* Extensions */ = {
			isa = PBXGroup;
			children = (
				30485E2E1D5B197900EB74EA /* PrimitiveExtensions.swift */,
				B34383B81D0203FE00E5F39E /* ArrayExtensions.swift */,
				30485E301D5B19DF00EB74EA /* DictionaryExtensions.swift */,
				B34383B71D0203FE00E5F39E /* AnimationExtensions.swift */,
				B3984D411D0857C0005A1183 /* ViewExtensions.swift */,
				B34383B91D0203FE00E5F39E /* ControllerExtensions.swift */,
				B34383BA1D0203FE00E5F39E /* DateExtensions.swift */,
				B34383BB1D0203FE00E5F39E /* NibExtensions.swift */,
			);
			path = Extensions;
			sourceTree = "<group>";
		};
/* End PBXGroup section */

/* Begin PBXHeadersBuildPhase section */
		B34383A41D01FBA500E5F39E /* Headers */ = {
			isa = PBXHeadersBuildPhase;
			buildActionMask = 2147483647;
			files = (
				B34383AB1D01FBA600E5F39E /* Dove.h in Headers */,
			);
			runOnlyForDeploymentPostprocessing = 0;
		};
/* End PBXHeadersBuildPhase section */

/* Begin PBXNativeTarget section */
		B34383A61D01FBA500E5F39E /* Dove */ = {
			isa = PBXNativeTarget;
			buildConfigurationList = B34383AF1D01FBA600E5F39E /* Build configuration list for PBXNativeTarget "Dove" */;
			buildPhases = (
				B34383A21D01FBA500E5F39E /* Sources */,
				B34383A31D01FBA500E5F39E /* Frameworks */,
				B34383A41D01FBA500E5F39E /* Headers */,
				B34383A51D01FBA500E5F39E /* Resources */,
			);
			buildRules = (
			);
			dependencies = (
			);
			name = Dove;
			productName = Dove;
			productReference = B3984D371D085371005A1183 /* Dove.framework */;
			productType = "com.apple.product-type.framework";
		};
/* End PBXNativeTarget section */

/* Begin PBXProject section */
		B343839E1D01FBA500E5F39E /* Project object */ = {
			isa = PBXProject;
			attributes = {
				LastUpgradeCheck = 0730;
				ORGANIZATIONNAME = "Connor Haigh";
				TargetAttributes = {
					B34383A61D01FBA500E5F39E = {
						CreatedOnToolsVersion = 7.3.1;
					};
				};
			};
			buildConfigurationList = B34383A11D01FBA500E5F39E /* Build configuration list for PBXProject "Dove" */;
			compatibilityVersion = "Xcode 3.2";
			developmentRegion = English;
			hasScannedForEncodings = 0;
			knownRegions = (
				en,
			);
			mainGroup = B343839D1D01FBA500E5F39E;
			productRefGroup = B343839D1D01FBA500E5F39E;
			projectDirPath = "";
			projectRoot = "";
			targets = (
				B34383A61D01FBA500E5F39E /* Dove */,
			);
		};
/* End PBXProject section */

/* Begin PBXResourcesBuildPhase section */
		B34383A51D01FBA500E5F39E /* Resources */ = {
			isa = PBXResourcesBuildPhase;
			buildActionMask = 2147483647;
			files = (
			);
			runOnlyForDeploymentPostprocessing = 0;
		};
/* End PBXResourcesBuildPhase section */

/* Begin PBXSourcesBuildPhase section */
		B34383A21D01FBA500E5F39E /* Sources */ = {
			isa = PBXSourcesBuildPhase;
			buildActionMask = 2147483647;
			files = (
				B3984D421D0857C0005A1183 /* ViewExtensions.swift in Sources */,
				30F4D92F1D79C5080071B24B /* Debug.swift in Sources */,
				B3ABC9AF1D0237F40066ED72 /* Service.swift in Sources */,
				B34383C11D0203FE00E5F39E /* NibExtensions.swift in Sources */,
				B34383BF1D0203FE00E5F39E /* ControllerExtensions.swift in Sources */,
				B34383C01D0203FE00E5F39E /* DateExtensions.swift in Sources */,
				B34383C41D02041D00E5F39E /* Dove.swift in Sources */,
				30485E2F1D5B197900EB74EA /* PrimitiveExtensions.swift in Sources */,
				30F4D92D1D79C4FB0071B24B /* Dispatch.swift in Sources */,
				B34383BD1D0203FE00E5F39E /* AnimationExtensions.swift in Sources */,
				B34383BE1D0203FE00E5F39E /* ArrayExtensions.swift in Sources */,
				30485E311D5B19DF00EB74EA /* DictionaryExtensions.swift in Sources */,
			);
			runOnlyForDeploymentPostprocessing = 0;
		};
/* End PBXSourcesBuildPhase section */

/* Begin XCBuildConfiguration section */
		B34383AD1D01FBA600E5F39E /* Debug */ = {
			isa = XCBuildConfiguration;
			buildSettings = {
				ALWAYS_SEARCH_USER_PATHS = NO;
				CLANG_ANALYZER_NONNULL = YES;
				CLANG_CXX_LANGUAGE_STANDARD = "gnu++0x";
				CLANG_CXX_LIBRARY = "libc++";
				CLANG_ENABLE_MODULES = YES;
				CLANG_ENABLE_OBJC_ARC = YES;
				CLANG_WARN_BOOL_CONVERSION = YES;
				CLANG_WARN_CONSTANT_CONVERSION = YES;
				CLANG_WARN_DIRECT_OBJC_ISA_USAGE = YES_ERROR;
				CLANG_WARN_EMPTY_BODY = YES;
				CLANG_WARN_ENUM_CONVERSION = YES;
				CLANG_WARN_INT_CONVERSION = YES;
				CLANG_WARN_OBJC_ROOT_CLASS = YES_ERROR;
				CLANG_WARN_UNREACHABLE_CODE = YES;
				CLANG_WARN__DUPLICATE_METHOD_MATCH = YES;
				"CODE_SIGN_IDENTITY[sdk=iphoneos*]" = "iPhone Developer";
				COPY_PHASE_STRIP = NO;
				CURRENT_PROJECT_VERSION = 1;
				DEBUG_INFORMATION_FORMAT = dwarf;
				ENABLE_STRICT_OBJC_MSGSEND = YES;
				ENABLE_TESTABILITY = YES;
				GCC_C_LANGUAGE_STANDARD = gnu99;
				GCC_DYNAMIC_NO_PIC = NO;
				GCC_NO_COMMON_BLOCKS = YES;
				GCC_OPTIMIZATION_LEVEL = 0;
				GCC_PREPROCESSOR_DEFINITIONS = (
					"DEBUG=1",
					"$(inherited)",
				);
				GCC_WARN_64_TO_32_BIT_CONVERSION = YES;
				GCC_WARN_ABOUT_RETURN_TYPE = YES_ERROR;
				GCC_WARN_UNDECLARED_SELECTOR = YES;
				GCC_WARN_UNINITIALIZED_AUTOS = YES_AGGRESSIVE;
				GCC_WARN_UNUSED_FUNCTION = YES;
				GCC_WARN_UNUSED_VARIABLE = YES;
				IPHONEOS_DEPLOYMENT_TARGET = 9.3;
				MTL_ENABLE_DEBUG_INFO = YES;
				ONLY_ACTIVE_ARCH = YES;
				SDKROOT = iphoneos;
				SWIFT_OPTIMIZATION_LEVEL = "-Onone";
				TARGETED_DEVICE_FAMILY = "1,2";
				VERSIONING_SYSTEM = "apple-generic";
				VERSION_INFO_PREFIX = "";
			};
			name = Debug;
		};
		B34383AE1D01FBA600E5F39E /* Release */ = {
			isa = XCBuildConfiguration;
			buildSettings = {
				ALWAYS_SEARCH_USER_PATHS = NO;
				CLANG_ANALYZER_NONNULL = YES;
				CLANG_CXX_LANGUAGE_STANDARD = "gnu++0x";
				CLANG_CXX_LIBRARY = "libc++";
				CLANG_ENABLE_MODULES = YES;
				CLANG_ENABLE_OBJC_ARC = YES;
				CLANG_WARN_BOOL_CONVERSION = YES;
				CLANG_WARN_CONSTANT_CONVERSION = YES;
				CLANG_WARN_DIRECT_OBJC_ISA_USAGE = YES_ERROR;
				CLANG_WARN_EMPTY_BODY = YES;
				CLANG_WARN_ENUM_CONVERSION = YES;
				CLANG_WARN_INT_CONVERSION = YES;
				CLANG_WARN_OBJC_ROOT_CLASS = YES_ERROR;
				CLANG_WARN_UNREACHABLE_CODE = YES;
				CLANG_WARN__DUPLICATE_METHOD_MATCH = YES;
				"CODE_SIGN_IDENTITY[sdk=iphoneos*]" = "iPhone Developer";
				COPY_PHASE_STRIP = NO;
				CURRENT_PROJECT_VERSION = 1;
				DEBUG_INFORMATION_FORMAT = "dwarf-with-dsym";
				ENABLE_NS_ASSERTIONS = NO;
				ENABLE_STRICT_OBJC_MSGSEND = YES;
				GCC_C_LANGUAGE_STANDARD = gnu99;
				GCC_NO_COMMON_BLOCKS = YES;
				GCC_WARN_64_TO_32_BIT_CONVERSION = YES;
				GCC_WARN_ABOUT_RETURN_TYPE = YES_ERROR;
				GCC_WARN_UNDECLARED_SELECTOR = YES;
				GCC_WARN_UNINITIALIZED_AUTOS = YES_AGGRESSIVE;
				GCC_WARN_UNUSED_FUNCTION = YES;
				GCC_WARN_UNUSED_VARIABLE = YES;
				IPHONEOS_DEPLOYMENT_TARGET = 9.3;
				MTL_ENABLE_DEBUG_INFO = NO;
				SDKROOT = iphoneos;
				TARGETED_DEVICE_FAMILY = "1,2";
				VALIDATE_PRODUCT = YES;
				VERSIONING_SYSTEM = "apple-generic";
				VERSION_INFO_PREFIX = "";
			};
			name = Release;
		};
		B34383B01D01FBA600E5F39E /* Debug */ = {
			isa = XCBuildConfiguration;
			buildSettings = {
				CLANG_ENABLE_MODULES = YES;
				DEFINES_MODULE = YES;
				DYLIB_COMPATIBILITY_VERSION = 1;
				DYLIB_CURRENT_VERSION = 1;
				DYLIB_INSTALL_NAME_BASE = "@rpath";
				INFOPLIST_FILE = Dove/Info.plist;
				INSTALL_PATH = "$(LOCAL_LIBRARY_DIR)/Frameworks";
				IPHONEOS_DEPLOYMENT_TARGET = 9.0;
				LD_RUNPATH_SEARCH_PATHS = "$(inherited) @executable_path/Frameworks @loader_path/Frameworks";
				OTHER_SWIFT_FLAGS = "-DDEBUG";
				PRODUCT_BUNDLE_IDENTIFIER = com.connorhaigh.Dove;
				PRODUCT_NAME = "$(TARGET_NAME)";
				SKIP_INSTALL = YES;
				SWIFT_OPTIMIZATION_LEVEL = "-Onone";
			};
			name = Debug;
		};
		B34383B11D01FBA600E5F39E /* Release */ = {
			isa = XCBuildConfiguration;
			buildSettings = {
				CLANG_ENABLE_MODULES = YES;
				DEFINES_MODULE = YES;
				DYLIB_COMPATIBILITY_VERSION = 1;
				DYLIB_CURRENT_VERSION = 1;
				DYLIB_INSTALL_NAME_BASE = "@rpath";
				INFOPLIST_FILE = Dove/Info.plist;
				INSTALL_PATH = "$(LOCAL_LIBRARY_DIR)/Frameworks";
				IPHONEOS_DEPLOYMENT_TARGET = 9.0;
				LD_RUNPATH_SEARCH_PATHS = "$(inherited) @executable_path/Frameworks @loader_path/Frameworks";
				OTHER_SWIFT_FLAGS = "-DRELEASE";
				PRODUCT_BUNDLE_IDENTIFIER = com.connorhaigh.Dove;
				PRODUCT_NAME = "$(TARGET_NAME)";
				SKIP_INSTALL = YES;
			};
			name = Release;
		};
/* End XCBuildConfiguration section */

/* Begin XCConfigurationList section */
		B34383A11D01FBA500E5F39E /* Build configuration list for PBXProject "Dove" */ = {
			isa = XCConfigurationList;
			buildConfigurations = (
				B34383AD1D01FBA600E5F39E /* Debug */,
				B34383AE1D01FBA600E5F39E /* Release */,
			);
			defaultConfigurationIsVisible = 0;
			defaultConfigurationName = Release;
		};
		B34383AF1D01FBA600E5F39E /* Build configuration list for PBXNativeTarget "Dove" */ = {
			isa = XCConfigurationList;
			buildConfigurations = (
				B34383B01D01FBA600E5F39E /* Debug */,
				B34383B11D01FBA600E5F39E /* Release */,
			);
			defaultConfigurationIsVisible = 0;
			defaultConfigurationName = Release;
		};
/* End XCConfigurationList section */
	};
	rootObject = B343839E1D01FBA500E5F39E /* Project object */;
}
